
Microsoft Visual Studio Solution File, Format Version 12.00
# Visual Studio Version 17
VisualStudioVersion = 17.7.34202.233
MinimumVisualStudioVersion = 10.0.40219.1
Project("{FAE04EC0-301F-11D3-BF4B-00C04F79EFBC}") = "XML_Parse", "XML_Parse\XML_Parse.csproj", "{83ED16A3-EFFF-4ADE-9695-0007CAEB36B7}"
EndProject
Project("{54435603-DBB4-11D2-8724-00A0C9A8B90C}") = "CM Monitoring", "CM Monitoring\CM Monitoring.vdproj", "{C7502870-CD8F-42DA-8E31-9AC8DEC9848C}"
EndProject
Global
	GlobalSection(SolutionConfigurationPlatforms) = preSolution
		Debug|Any CPU = Debug|Any CPU
		Release|Any CPU = Release|Any CPU
	EndGlobalSection
	GlobalSection(ProjectConfigurationPlatforms) = postSolution
		{83ED16A3-EFFF-4ADE-9695-0007CAEB36B7}.Debug|Any CPU.ActiveCfg = Debug|Any CPU
		{83ED16A3-EFFF-4ADE-9695-0007CAEB36B7}.Debug|Any CPU.Build.0 = Debug|Any CPU
		{83ED16A3-EFFF-4ADE-9695-0007CAEB36B7}.Release|Any CPU.ActiveCfg = Release|Any CPU
		{83ED16A3-EFFF-4ADE-9695-0007CAEB36B7}.Release|Any CPU.Build.0 = Release|Any CPU
		{C7502870-CD8F-42DA-8E31-9AC8DEC9848C}.Debug|Any CPU.ActiveCfg = Debug
		{C7502870-CD8F-42DA-8E31-9AC8DEC9848C}.Release|Any CPU.ActiveCfg = Release
	EndGlobalSection
	GlobalSection(SolutionProperties) = preSolution
		HideSolutionNode = FALSE
	EndGlobalSection
	GlobalSection(ExtensibilityGlobals) = postSolution
		SolutionGuid = {EF83D316-B029-4019-BFBE-F45FA1B39500}
	EndGlobalSection
EndGlobal
